
Microsoft Visual Studio Solution File, Format Version 12.00
# Visual Studio Version 18
VisualStudioVersion = 18.2.11415.280 d18.0
MinimumVisualStudioVersion = 10.0.40219.1
Project("{FAE04EC0-301F-11D3-BF4B-00C04F79EFBC}") = "DrKnuffelBackEnd", "DrKnuffelBackEnd\DrKnuffelBackEnd.csproj", "{91D14E0A-3934-42DF-91D5-A14B88B05013}"
EndProject
Project("{FAE04EC0-301F-11D3-BF4B-00C04F79EFBC}") = "DrKnuffelBackEnd.Tests", "DrKnuffelBackEnd.Tests\DrKnuffelBackEnd.Tests.csproj", "{9B50B0E4-FF23-46DD-88D3-FEC08E3EFC1F}"
EndProject
Global
	GlobalSection(SolutionConfigurationPlatforms) = preSolution
		Debug|Any CPU = Debug|Any CPU
		Release|Any CPU = Release|Any CPU
	EndGlobalSection
	GlobalSection(ProjectConfigurationPlatforms) = postSolution
		{91D14E0A-3934-42DF-91D5-A14B88B05013}.Debug|Any CPU.ActiveCfg = Debug|Any CPU
		{91D14E0A-3934-42DF-91D5-A14B88B05013}.Debug|Any CPU.Build.0 = Debug|Any CPU
		{91D14E0A-3934-42DF-91D5-A14B88B05013}.Release|Any CPU.ActiveCfg = Release|Any CPU
		{91D14E0A-3934-42DF-91D5-A14B88B05013}.Release|Any CPU.Build.0 = Release|Any CPU
		{9B50B0E4-FF23-46DD-88D3-FEC08E3EFC1F}.Debug|Any CPU.ActiveCfg = Debug|Any CPU
		{9B50B0E4-FF23-46DD-88D3-FEC08E3EFC1F}.Debug|Any CPU.Build.0 = Debug|Any CPU
		{9B50B0E4-FF23-46DD-88D3-FEC08E3EFC1F}.Release|Any CPU.ActiveCfg = Release|Any CPU
		{9B50B0E4-FF23-46DD-88D3-FEC08E3EFC1F}.Release|Any CPU.Build.0 = Release|Any CPU
	EndGlobalSection
	GlobalSection(SolutionProperties) = preSolution
		HideSolutionNode = FALSE
	EndGlobalSection
	GlobalSection(ExtensibilityGlobals) = postSolution
		SolutionGuid = {C809FA4C-BAB3-42D3-9B98-8FF9347330E5}
	EndGlobalSection
EndGlobal
